
Microsoft Visual Studio Solution File, Format Version 12.00
Project("{FAE04EC0-301F-11D3-BF4B-00C04F79EFBC}") = "BitwardenSendHelper", "BitwardenSendHelper\BitwardenSendHelper.csproj", "{D4B81F46-0056-4E93-9E92-EE3F9A97C590}"
EndProject
Global
	GlobalSection(SolutionConfigurationPlatforms) = preSolution
		Debug|Any CPU = Debug|Any CPU
		Release|Any CPU = Release|Any CPU
	EndGlobalSection
	GlobalSection(ProjectConfigurationPlatforms) = postSolution
		{D4B81F46-0056-4E93-9E92-EE3F9A97C590}.Debug|Any CPU.ActiveCfg = Debug|Any CPU
		{D4B81F46-0056-4E93-9E92-EE3F9A97C590}.Debug|Any CPU.Build.0 = Debug|Any CPU
		{D4B81F46-0056-4E93-9E92-EE3F9A97C590}.Release|Any CPU.ActiveCfg = Release|Any CPU
		{D4B81F46-0056-4E93-9E92-EE3F9A97C590}.Release|Any CPU.Build.0 = Release|Any CPU
	EndGlobalSection
EndGlobal
